Microsoft Visual Studio Solution File, Format Version 12.00
# Visual Studio Version 17
VisualStudioVersion = 17.5.2.0
MinimumVisualStudioVersion = 10.0.40219.1
Project("{FAE04EC0-301F-11D3-BF4B-00C04F79EFBC}") = "SlugpupsEverywhere", "SlugpupsEverywhere.csproj", "{F65CB396-87F2-D99D-0BC1-9401980C6770}"
EndProject
Global
	GlobalSection(SolutionConfigurationPlatforms) = preSolution
		Debug|Any CPU = Debug|Any CPU
		Release|Any CPU = Release|Any CPU
	EndGlobalSection
	GlobalSection(ProjectConfigurationPlatforms) = postSolution
		{F65CB396-87F2-D99D-0BC1-9401980C6770}.Debug|Any CPU.ActiveCfg = Debug|Any CPU
		{F65CB396-87F2-D99D-0BC1-9401980C6770}.Debug|Any CPU.Build.0 = Debug|Any CPU
		{F65CB396-87F2-D99D-0BC1-9401980C6770}.Release|Any CPU.ActiveCfg = Release|Any CPU
		{F65CB396-87F2-D99D-0BC1-9401980C6770}.Release|Any CPU.Build.0 = Release|Any CPU
	EndGlobalSection
	GlobalSection(SolutionProperties) = preSolution
		HideSolutionNode = FALSE
	EndGlobalSection
	GlobalSection(ExtensibilityGlobals) = postSolution
		SolutionGuid = {DFAB9763-52A4-4950-AB71-A69FF9B6BFCB}
	EndGlobalSection
EndGlobal
